
Microsoft Visual Studio Solution File, Format Version 12.00
# Visual Studio 15
VisualStudioVersion = 15.0.27703.2042
MinimumVisualStudioVersion = 10.0.40219.1
Project("{FAE04EC0-301F-11D3-BF4B-00C04F79EFBC}") = "Student", "Student\Student.csproj", "{3FF828A9-C814-4876-BFFF-D354DED22702}"
EndProject
Project("{FAE04EC0-301F-11D3-BF4B-00C04F79EFBC}") = "StudentDetails", "StudentDetails\StudentDetails.csproj", "{620BF76C-3691-48BB-8A6B-094EF976A3DA}"
EndProject
Global
	GlobalSection(SolutionConfigurationPlatforms) = preSolution
		Debug|Any CPU = Debug|Any CPU
		Release|Any CPU = Release|Any CPU
	EndGlobalSection
	GlobalSection(ProjectConfigurationPlatforms) = postSolution
		{3FF828A9-C814-4876-BFFF-D354DED22702}.Debug|Any CPU.ActiveCfg = Debug|Any CPU
		{3FF828A9-C814-4876-BFFF-D354DED22702}.Debug|Any CPU.Build.0 = Debug|Any CPU
		{3FF828A9-C814-4876-BFFF-D354DED22702}.Release|Any CPU.ActiveCfg = Release|Any CPU
		{3FF828A9-C814-4876-BFFF-D354DED22702}.Release|Any CPU.Build.0 = Release|Any CPU
		{620BF76C-3691-48BB-8A6B-094EF976A3DA}.Debug|Any CPU.ActiveCfg = Debug|Any CPU
		{620BF76C-3691-48BB-8A6B-094EF976A3DA}.Debug|Any CPU.Build.0 = Debug|Any CPU
		{620BF76C-3691-48BB-8A6B-094EF976A3DA}.Release|Any CPU.ActiveCfg = Release|Any CPU
		{620BF76C-3691-48BB-8A6B-094EF976A3DA}.Release|Any CPU.Build.0 = Release|Any CPU
	EndGlobalSection
	GlobalSection(SolutionProperties) = preSolution
		HideSolutionNode = FALSE
	EndGlobalSection
	GlobalSection(ExtensibilityGlobals) = postSolution
		SolutionGuid = {E45F4CB0-3A0F-42D4-8714-004ABEA67470}
	EndGlobalSection
EndGlobal
